// !$*UTF8*$!
{
	archiveVersion = 1;
	classes = {
	};
	objectVersion = 46;
	objects = {

/* Begin PBXBuildFile section */
		4319C5241BC8AFE20087A827 /* AppDelegate.swift in Sources */ = {isa = PBXBuildFile; fileRef = 4319C5231BC8AFE20087A827 /* AppDelegate.swift */; };
		4319C5261BC8AFE20087A827 /* ViewController.swift in Sources */ = {isa = PBXBuildFile; fileRef = 4319C5251BC8AFE20087A827 /* ViewController.swift */; };
		4319C5291BC8AFE20087A827 /* Main.storyboard in Resources */ = {isa = PBXBuildFile; fileRef = 4319C5271BC8AFE20087A827 /* Main.storyboard */; };
		4319C52B1BC8AFE20087A827 /* Assets.xcassets in Resources */ = {isa = PBXBuildFile; fileRef = 4319C52A1BC8AFE20087A827 /* Assets.xcassets */; };
		4319C52E1BC8AFE20087A827 /* LaunchScreen.storyboard in Resources */ = {isa = PBXBuildFile; fileRef = 4319C52C1BC8AFE20087A827 /* LaunchScreen.storyboard */; };
		4319C5411BC8B0A00087A827 /* hourIndicator@2x.png in Resources */ = {isa = PBXBuildFile; fileRef = 4319C53D1BC8B0A00087A827 /* hourIndicator@2x.png */; };
		4319C5421BC8B0A00087A827 /* minuteindicator@2x.png in Resources */ = {isa = PBXBuildFile; fileRef = 4319C53E1BC8B0A00087A827 /* minuteindicator@2x.png */; };
		4319C5431BC8B0A00087A827 /* secondIndicator@2x.png in Resources */ = {isa = PBXBuildFile; fileRef = 4319C53F1BC8B0A00087A827 /* secondIndicator@2x.png */; };
		4319C5441BC8B0A00087A827 /* watchTable@2x.png in Resources */ = {isa = PBXBuildFile; fileRef = 4319C5401BC8B0A00087A827 /* watchTable@2x.png */; };
		A50EDBB21D06A953002E0BFC /* minions@2x.png in Resources */ = {isa = PBXBuildFile; fileRef = A50EDBB11D06A953002E0BFC /* minions@2x.png */; };
		A50EDBB41D06A97E002E0BFC /* Icon.png in Resources */ = {isa = PBXBuildFile; fileRef = A50EDBB31D06A97E002E0BFC /* Icon.png */; };
/* End PBXBuildFile section */

/* Begin PBXFileReference section */
		4319C5201BC8AFE20087A827 /* MyClock.app */ = {isa = PBXFileReference; explicitFileType = wrapper.application; includeInIndex = 0; path = MyClock.app; sourceTree = BUILT_PRODUCTS_DIR; };
		4319C5231BC8AFE20087A827 /* AppDelegate.swift */ = {isa = PBXFileReference; lastKnownFileType = sourcecode.swift; path = AppDelegate.swift; sourceTree = "<group>"; };
		4319C5251BC8AFE20087A827 /* ViewController.swift */ = {isa = PBXFileReference; lastKnownFileType = sourcecode.swift; path = ViewController.swift; sourceTree = "<group>"; };
		4319C5281BC8AFE20087A827 /* Base */ = {isa = PBXFileReference; lastKnownFileType = file.storyboard; name = Base; path = Base.lproj/Main.storyboard; sourceTree = "<group>"; };
		4319C52A1BC8AFE20087A827 /* Assets.xcassets */ = {isa = PBXFileReference; lastKnownFileType = folder.assetcatalog; path = Assets.xcassets; sourceTree = "<group>"; };
		4319C52D1BC8AFE20087A827 /* Base */ = {isa = PBXFileReference; lastKnownFileType = file.storyboard; name = Base; path = Base.lproj/LaunchScreen.storyboard; sourceTree = "<group>"; };
		4319C52F1BC8AFE20087A827 /* Info.plist */ = {isa = PBXFileReference; lastKnownFileType = text.plist.xml; path = Info.plist; sourceTree = "<group>"; };
		4319C53D1BC8B0A00087A827 /* hourIndicator@2x.png */ = {isa = PBXFileReference; lastKnownFileType = image.png; path = "hourIndicator@2x.png"; sourceTree = "<group>"; };
		4319C53E1BC8B0A00087A827 /* minuteindicator@2x.png */ = {isa = PBXFileReference; lastKnownFileType = image.png; path = "minuteindicator@2x.png"; sourceTree = "<group>"; };
		4319C53F1BC8B0A00087A827 /* secondIndicator@2x.png */ = {isa = PBXFileReference; lastKnownFileType = image.png; path = "secondIndicator@2x.png"; sourceTree = "<group>"; };
		4319C5401BC8B0A00087A827 /* watchTable@2x.png */ = {isa = PBXFileReference; lastKnownFileType = image.png; path = "watchTable@2x.png"; sourceTree = "<group>"; };
		A50EDBB11D06A953002E0BFC /* minions@2x.png */ = {isa = PBXFileReference; lastKnownFileType = image.png; path = "minions@2x.png"; sourceTree = "<group>"; };
		A50EDBB31D06A97E002E0BFC /* Icon.png */ = {isa = PBXFileReference; lastKnownFileType = image.png; path = Icon.png; sourceTree = "<group>"; };
/* End PBXFileReference section */

/* Begin PBXFrameworksBuildPhase section */
		4319C51D1BC8AFE20087A827 /* Frameworks */ = {
			isa = PBXFrameworksBuildPhase;
			buildActionMask = 2147483647;
			files = (
			);
			runOnlyForDeploymentPostprocessing = 0;
		};
/* End PBXFrameworksBuildPhase section */

/* Begin PBXGroup section */
		4319C5171BC8AFE20087A827 = {
			isa = PBXGroup;
			children = (
				4319C5221BC8AFE20087A827 /* MyClock */,
				4319C5211BC8AFE20087A827 /* Products */,
			);
			sourceTree = "<group>";
		};
		4319C5211BC8AFE20087A827 /* Products */ = {
			isa = PBXGroup;
			children = (
				4319C5201BC8AFE20087A827 /* MyClock.app */,
			);
			name = Products;
			sourceTree = "<group>";
		};
		4319C5221BC8AFE20087A827 /* MyClock */ = {
			isa = PBXGroup;
			children = (
				4319C5231BC8AFE20087A827 /* AppDelegate.swift */,
				4319C5251BC8AFE20087A827 /* ViewController.swift */,
				4319C5271BC8AFE20087A827 /* Main.storyboard */,
				4319C52A1BC8AFE20087A827 /* Assets.xcassets */,
				4319C52C1BC8AFE20087A827 /* LaunchScreen.storyboard */,
				4319C52F1BC8AFE20087A827 /* Info.plist */,
				4319C53D1BC8B0A00087A827 /* hourIndicator@2x.png */,
				4319C53E1BC8B0A00087A827 /* minuteindicator@2x.png */,
				4319C53F1BC8B0A00087A827 /* secondIndicator@2x.png */,
				4319C5401BC8B0A00087A827 /* watchTable@2x.png */,
				A50EDBB11D06A953002E0BFC /* minions@2x.png */,
				A50EDBB31D06A97E002E0BFC /* Icon.png */,
			);
			path = MyClock;
			sourceTree = "<group>";
		};
/* End PBXGroup section */

/* Begin PBXNativeTarget section */
		4319C51F1BC8AFE20087A827 /* MyClock */ = {
			isa = PBXNativeTarget;
			buildConfigurationList = 4319C5321BC8AFE20087A827 /* Build configuration list for PBXNativeTarget "MyClock" */;
			buildPhases = (
				4319C51C1BC8AFE20087A827 /* Sources */,
				4319C51D1BC8AFE20087A827 /* Frameworks */,
				4319C51E1BC8AFE20087A827 /* Resources */,
			);
			buildRules = (
			);
			dependencies = (
			);
			name = MyClock;
			productName = MyClock;
			productReference = 4319C5201BC8AFE20087A827 /* MyClock.app */;
			productType = "com.apple.product-type.application";
		};
/* End PBXNativeTarget section */

/* Begin PBXProject section */
		4319C5181BC8AFE20087A827 /* Project object */ = {
			isa = PBXProject;
			attributes = {
				LastUpgradeCheck = 0700;
				ORGANIZATIONNAME = cheng.fei;
				TargetAttributes = {
					4319C51F1BC8AFE20087A827 = {
						CreatedOnToolsVersion = 7.0.1;
					};
				};
			};
			buildConfigurationList = 4319C51B1BC8AFE20087A827 /* Build configuration list for PBXProject "MyClock" */;
			compatibilityVersion = "Xcode 3.2";
			developmentRegion = English;
			hasScannedForEncodings = 0;
			knownRegions = (
				en,
				Base,
			);
			mainGroup = 4319C5171BC8AFE20087A827;
			productRefGroup = 4319C5211BC8AFE20087A827 /* Products */;
			projectDirPath = "";
			projectRoot = "";
			targets = (
				4319C51F1BC8AFE20087A827 /* MyClock */,
			);
		};
/* End PBXProject section */

/* Begin PBXResourcesBuildPhase section */
		4319C51E1BC8AFE20087A827 /* Resources */ = {
			isa = PBXResourcesBuildPhase;
			buildActionMask = 2147483647;
			files = (
				A50EDBB41D06A97E002E0BFC /* Icon.png in Resources */,
				4319C52E1BC8AFE20087A827 /* LaunchScreen.storyboard in Resources */,
				4319C5421BC8B0A00087A827 /* minuteindicator@2x.png in Resources */,
				4319C52B1BC8AFE20087A827 /* Assets.xcassets in Resources */,
				4319C5411BC8B0A00087A827 /* hourIndicator@2x.png in Resources */,
				4319C5431BC8B0A00087A827 /* secondIndicator@2x.png in Resources */,
				A50EDBB21D06A953002E0BFC /* minions@2x.png in Resources */,
				4319C5291BC8AFE20087A827 /* Main.storyboard in Resources */,
				4319C5441BC8B0A00087A827 /* watchTable@2x.png in Resources */,
			);
			runOnlyForDeploymentPostprocessing = 0;
		};
/* End PBXResourcesBuildPhase section */

/* Begin PBXSourcesBuildPhase section */
		4319C51C1BC8AFE20087A827 /* Sources */ = {
			isa = PBXSourcesBuildPhase;
			buildActionMask = 2147483647;
			files = (
				4319C5261BC8AFE20087A827 /* ViewController.swift in Sources */,
				4319C5241BC8AFE20087A827 /* AppDelegate.swift in Sources */,
			);
			runOnlyForDeploymentPostprocessing = 0;
		};
/* End PBXSourcesBuildPhase section */

/* Begin PBXVariantGroup section */
		4319C5271BC8AFE20087A827 /* Main.storyboard */ = {
			isa = PBXVariantGroup;
			children = (
				4319C5281BC8AFE20087A827 /* Base */,
			);
			name = Main.storyboard;
			sourceTree = "<group>";
		};
		4319C52C1BC8AFE20087A827 /* LaunchScreen.storyboard */ = {
			isa = PBXVariantGroup;
			children = (
				4319C52D1BC8AFE20087A827 /* Base */,
			);
			name = LaunchScreen.storyboard;
			sourceTree = "<group>";
		};
/* End PBXVariantGroup section */

/* Begin XCBuildConfiguration section */
		4319C5301BC8AFE20087A827 /* Debug */ = {
			isa = XCBuildConfiguration;
			buildSettings = {
				ALWAYS_SEARCH_USER_PATHS = NO;
				CLANG_CXX_LANGUAGE_STANDARD = "gnu++0x";
				CLANG_CXX_LIBRARY = "libc++";
				CLANG_ENABLE_MODULES = YES;
				CLANG_ENABLE_OBJC_ARC = YES;
				CLANG_WARN_BOOL_CONVERSION = YES;
				CLANG_WARN_CONSTANT_CONVERSION = YES;
				CLANG_WARN_DIRECT_OBJC_ISA_USAGE = YES_ERROR;
				CLANG_WARN_EMPTY_BODY = YES;
				CLANG_WARN_ENUM_CONVERSION = YES;
				CLANG_WARN_INT_CONVERSION = YES;
				CLANG_WARN_OBJC_ROOT_CLASS = YES_ERROR;
				CLANG_WARN_UNREACHABLE_CODE = YES;
				CLANG_WARN__DUPLICATE_METHOD_MATCH = YES;
				"CODE_SIGN_IDENTITY[sdk=iphoneos*]" = "iPhone Developer";
				COPY_PHASE_STRIP = NO;
				DEBUG_INFORMATION_FORMAT = dwarf;
				ENABLE_STRICT_OBJC_MSGSEND = YES;
				ENABLE_TESTABILITY = YES;
				GCC_C_LANGUAGE_STANDARD = gnu99;
				GCC_DYNAMIC_NO_PIC = NO;
				GCC_NO_COMMON_BLOCKS = YES;
				GCC_OPTIMIZATION_LEVEL = 0;
				GCC_PREPROCESSOR_DEFINITIONS = (
					"DEBUG=1",
					"$(inherited)",
				);
				GCC_WARN_64_TO_32_BIT_CONVERSION = YES;
				GCC_WARN_ABOUT_RETURN_TYPE = YES_ERROR;
				GCC_WARN_UNDECLARED_SELECTOR = YES;
				GCC_WARN_UNINITIALIZED_AUTOS = YES_AGGRESSIVE;
				GCC_WARN_UNUSED_FUNCTION = YES;
				GCC_WARN_UNUSED_VARIABLE = YES;
				IPHONEOS_DEPLOYMENT_TARGET = 9.0;
				MTL_ENABLE_DEBUG_INFO = YES;
				ONLY_ACTIVE_ARCH = YES;
				SDKROOT = iphoneos;
				SWIFT_OPTIMIZATION_LEVEL = "-Onone";
			};
			name = Debug;
		};
		4319C5311BC8AFE20087A827 /* Release */ = {
			isa = XCBuildConfiguration;
			buildSettings = {
				ALWAYS_SEARCH_USER_PATHS = NO;
				CLANG_CXX_LANGUAGE_STANDARD = "gnu++0x";
				CLANG_CXX_LIBRARY = "libc++";
				CLANG_ENABLE_MODULES = YES;
				CLANG_ENABLE_OBJC_ARC = YES;
				CLANG_WARN_BOOL_CONVERSION = YES;
				CLANG_WARN_CONSTANT_CONVERSION = YES;
				CLANG_WARN_DIRECT_OBJC_ISA_USAGE = YES_ERROR;
				CLANG_WARN_EMPTY_BODY = YES;
				CLANG_WARN_ENUM_CONVERSION = YES;
				CLANG_WARN_INT_CONVERSION = YES;
				CLANG_WARN_OBJC_ROOT_CLASS = YES_ERROR;
				CLANG_WARN_UNREACHABLE_CODE = YES;
				CLANG_WARN__DUPLICATE_METHOD_MATCH = YES;
				"CODE_SIGN_IDENTITY[sdk=iphoneos*]" = "iPhone Developer";
				COPY_PHASE_STRIP = NO;
				DEBUG_INFORMATION_FORMAT = "dwarf-with-dsym";
				ENABLE_NS_ASSERTIONS = NO;
				ENABLE_STRICT_OBJC_MSGSEND = YES;
				GCC_C_LANGUAGE_STANDARD = gnu99;
				GCC_NO_COMMON_BLOCKS = YES;
				GCC_WARN_64_TO_32_BIT_CONVERSION = YES;
				GCC_WARN_ABOUT_RETURN_TYPE = YES_ERROR;
				GCC_WARN_UNDECLARED_SELECTOR = YES;
				GCC_WARN_UNINITIALIZED_AUTOS = YES_AGGRESSIVE;
				GCC_WARN_UNUSED_FUNCTION = YES;
				GCC_WARN_UNUSED_VARIABLE = YES;
				IPHONEOS_DEPLOYMENT_TARGET = 9.0;
				MTL_ENABLE_DEBUG_INFO = NO;
				SDKROOT = iphoneos;
				VALIDATE_PRODUCT = YES;
			};
			name = Release;
		};
		4319C5331BC8AFE20087A827 /* Debug */ = {
			isa = XCBuildConfiguration;
			buildSettings = {
				ASSETCATALOG_COMPILER_APPICON_NAME = AppIcon;
				INFOPLIST_FILE = MyClock/Info.plist;
				LD_RUNPATH_SEARCH_PATHS = "$(inherited) @executable_path/Frameworks";
				PRODUCT_BUNDLE_IDENTIFIER = com.aido.sys.MyClock;
				PRODUCT_NAME = "$(TARGET_NAME)";
			};
			name = Debug;
		};
		4319C5341BC8AFE20087A827 /* Release */ = {
			isa = XCBuildConfiguration;
			buildSettings = {
				ASSETCATALOG_COMPILER_APPICON_NAME = AppIcon;
				INFOPLIST_FILE = MyClock/Info.plist;
				LD_RUNPATH_SEARCH_PATHS = "$(inherited) @executable_path/Frameworks";
				PRODUCT_BUNDLE_IDENTIFIER = com.aido.sys.MyClock;
				PRODUCT_NAME = "$(TARGET_NAME)";
			};
			name = Release;
		};
/* End XCBuildConfiguration section */

/* Begin XCConfigurationList section */
		4319C51B1BC8AFE20087A827 /* Build configuration list for PBXProject "MyClock" */ = {
			isa = XCConfigurationList;
			buildConfigurations = (
				4319C5301BC8AFE20087A827 /* Debug */,
				4319C5311BC8AFE20087A827 /* Release */,
			);
			defaultConfigurationIsVisible = 0;
			defaultConfigurationName = Release;
		};
		4319C5321BC8AFE20087A827 /* Build configuration list for PBXNativeTarget "MyClock" */ = {
			isa = XCConfigurationList;
			buildConfigurations = (
				4319C5331BC8AFE20087A827 /* Debug */,
				4319C5341BC8AFE20087A827 /* Release */,
			);
			defaultConfigurationIsVisible = 0;
			defaultConfigurationName = Release;
		};
/* End XCConfigurationList section */
	};
	rootObject = 4319C5181BC8AFE20087A827 /* Project object */;
}
